
Microsoft Visual Studio Solution File, Format Version 12.00
# Visual Studio 2013
VisualStudioVersion = 12.0.31101.0
MinimumVisualStudioVersion = 10.0.40219.1
Project("{FAE04EC0-301F-11D3-BF4B-00C04F79EFBC}") = "TDD", "TDD\TDD.csproj", "{A8E7A0B9-6A49-4D36-A0EF-DC34A0C089EE}"
EndProject
Project("{FAE04EC0-301F-11D3-BF4B-00C04F79EFBC}") = "UnitTestProject", "UnitTestProject\UnitTestProject.csproj", "{5F2DA30E-1E64-4615-B3C9-435E1D572A32}"
EndProject
Global
	GlobalSection(SolutionConfigurationPlatforms) = preSolution
		Debug|Any CPU = Debug|Any CPU
		Release|Any CPU = Release|Any CPU
	EndGlobalSection
	GlobalSection(ProjectConfigurationPlatforms) = postSolution
		{A8E7A0B9-6A49-4D36-A0EF-DC34A0C089EE}.Debug|Any CPU.ActiveCfg = Debug|Any CPU
		{A8E7A0B9-6A49-4D36-A0EF-DC34A0C089EE}.Debug|Any CPU.Build.0 = Debug|Any CPU
		{A8E7A0B9-6A49-4D36-A0EF-DC34A0C089EE}.Release|Any CPU.ActiveCfg = Release|Any CPU
		{A8E7A0B9-6A49-4D36-A0EF-DC34A0C089EE}.Release|Any CPU.Build.0 = Release|Any CPU
		{5F2DA30E-1E64-4615-B3C9-435E1D572A32}.Debug|Any CPU.ActiveCfg = Debug|Any CPU
		{5F2DA30E-1E64-4615-B3C9-435E1D572A32}.Debug|Any CPU.Build.0 = Debug|Any CPU
		{5F2DA30E-1E64-4615-B3C9-435E1D572A32}.Release|Any CPU.ActiveCfg = Release|Any CPU
		{5F2DA30E-1E64-4615-B3C9-435E1D572A32}.Release|Any CPU.Build.0 = Release|Any CPU
	EndGlobalSection
	GlobalSection(SolutionProperties) = preSolution
		HideSolutionNode = FALSE
	EndGlobalSection
EndGlobal
